
Microsoft Visual Studio Solution File, Format Version 12.00
# Visual Studio Version 17
VisualStudioVersion = 17.5.33516.290
MinimumVisualStudioVersion = 10.0.40219.1
Project("{8BC9CEB8-8B4A-11D0-8D11-00A0C91BC942}") = "TextureConverter", "TextureConverter.vcxproj", "{CB082A30-D091-4FF1-B311-86807A142CAE}"
EndProject
Global
	GlobalSection(SolutionConfigurationPlatforms) = preSolution
		Debug|x64 = Debug|x64
		Debug|x86 = Debug|x86
		Release|x64 = Release|x64
		Release|x86 = Release|x86
	EndGlobalSection
	GlobalSection(ProjectConfigurationPlatforms) = postSolution
		{CB082A30-D091-4FF1-B311-86807A142CAE}.Debug|x64.ActiveCfg = Debug|x64
		{CB082A30-D091-4FF1-B311-86807A142CAE}.Debug|x64.Build.0 = Debug|x64
		{CB082A30-D091-4FF1-B311-86807A142CAE}.Debug|x86.ActiveCfg = Debug|Win32
		{CB082A30-D091-4FF1-B311-86807A142CAE}.Debug|x86.Build.0 = Debug|Win32
		{CB082A30-D091-4FF1-B311-86807A142CAE}.Release|x64.ActiveCfg = Release|x64
		{CB082A30-D091-4FF1-B311-86807A142CAE}.Release|x64.Build.0 = Release|x64
		{CB082A30-D091-4FF1-B311-86807A142CAE}.Release|x86.ActiveCfg = Release|Win32
		{CB082A30-D091-4FF1-B311-86807A142CAE}.Release|x86.Build.0 = Release|Win32
	EndGlobalSection
	GlobalSection(SolutionProperties) = preSolution
		HideSolutionNode = FALSE
	EndGlobalSection
	GlobalSection(ExtensibilityGlobals) = postSolution
		SolutionGuid = {7CC1DC52-0EEE-48FB-A6B3-9C35406D646A}
	EndGlobalSection
EndGlobal
